// !$*UTF8*$!
{
	archiveVersion = 1;
	classes = {
	};
	objectVersion = 50;
	objects = {

/* Begin PBXBuildFile section */
		BC6843932295DF24005A8A89 /* AppDelegate.swift in Sources */ = {isa = PBXBuildFile; fileRef = BC6843922295DF24005A8A89 /* AppDelegate.swift */; };
		BC6843952295DF24005A8A89 /* ViewController.swift in Sources */ = {isa = PBXBuildFile; fileRef = BC6843942295DF24005A8A89 /* ViewController.swift */; };
		BC6843982295DF24005A8A89 /* Main.storyboard in Resources */ = {isa = PBXBuildFile; fileRef = BC6843962295DF24005A8A89 /* Main.storyboard */; };
		BC68439B2295DF24005A8A89 /* Appministrator.xcdatamodeld in Sources */ = {isa = PBXBuildFile; fileRef = BC6843992295DF24005A8A89 /* Appministrator.xcdatamodeld */; };
		BC68439D2295DF26005A8A89 /* Assets.xcassets in Resources */ = {isa = PBXBuildFile; fileRef = BC68439C2295DF26005A8A89 /* Assets.xcassets */; };
		BC6843A02295DF26005A8A89 /* LaunchScreen.storyboard in Resources */ = {isa = PBXBuildFile; fileRef = BC68439E2295DF26005A8A89 /* LaunchScreen.storyboard */; };
		BC6843C62295EFEF005A8A89 /* SQLite.framework in Frameworks */ = {isa = PBXBuildFile; fileRef = BC6843B22295DF9C005A8A89 /* SQLite.framework */; };
		BC6843CB2295F01C005A8A89 /* SQLite.framework in Frameworks */ = {isa = PBXBuildFile; fileRef = BC6843B22295DF9C005A8A89 /* SQLite.framework */; };
		BC6843CC2295F01C005A8A89 /* SQLite.framework in Embed Frameworks */ = {isa = PBXBuildFile; fileRef = BC6843B22295DF9C005A8A89 /* SQLite.framework */; settings = {ATTRIBUTES = (CodeSignOnCopy, RemoveHeadersOnCopy, ); }; };
		BC8B0D4F22A5C3E60029F924 /* TableController.swift in Sources */ = {isa = PBXBuildFile; fileRef = BC8B0D4E22A5C3E60029F924 /* TableController.swift */; };
		BCF509CE229F298900D4CAAA /* Dias habiles.swift in Sources */ = {isa = PBXBuildFile; fileRef = BCF509CD229F298900D4CAAA /* Dias habiles.swift */; };
/* End PBXBuildFile section */

/* Begin PBXContainerItemProxy section */
		BC6843B12295DF9C005A8A89 /* PBXContainerItemProxy */ = {
			isa = PBXContainerItemProxy;
			containerPortal = BC6843A72295DF9C005A8A89 /* SQLite.xcodeproj */;
			proxyType = 2;
			remoteGlobalIDString = EE247AD31C3F04ED00AE3E12;
			remoteInfo = "SQLite iOS";
		};
		BC6843B32295DF9C005A8A89 /* PBXContainerItemProxy */ = {
			isa = PBXContainerItemProxy;
			containerPortal = BC6843A72295DF9C005A8A89 /* SQLite.xcodeproj */;
			proxyType = 2;
			remoteGlobalIDString = EE247ADD1C3F04ED00AE3E12;
			remoteInfo = "SQLiteTests iOS";
		};
		BC6843B52295DF9C005A8A89 /* PBXContainerItemProxy */ = {
			isa = PBXContainerItemProxy;
			containerPortal = BC6843A72295DF9C005A8A89 /* SQLite.xcodeproj */;
			proxyType = 2;
			remoteGlobalIDString = EE247B3C1C3F3ED000AE3E12;
			remoteInfo = "SQLite Mac";
		};
		BC6843B72295DF9C005A8A89 /* PBXContainerItemProxy */ = {
			isa = PBXContainerItemProxy;
			containerPortal = BC6843A72295DF9C005A8A89 /* SQLite.xcodeproj */;
			proxyType = 2;
			remoteGlobalIDString = EE247B451C3F3ED000AE3E12;
			remoteInfo = "SQLiteTests Mac";
		};
		BC6843B92295DF9C005A8A89 /* PBXContainerItemProxy */ = {
			isa = PBXContainerItemProxy;
			containerPortal = BC6843A72295DF9C005A8A89 /* SQLite.xcodeproj */;
			proxyType = 2;
			remoteGlobalIDString = 03A65E5A1C6BB0F50062603F;
			remoteInfo = "SQLite tvOS";
		};
		BC6843BB2295DF9C005A8A89 /* PBXContainerItemProxy */ = {
			isa = PBXContainerItemProxy;
			containerPortal = BC6843A72295DF9C005A8A89 /* SQLite.xcodeproj */;
			proxyType = 2;
			remoteGlobalIDString = 03A65E631C6BB0F60062603F;
			remoteInfo = "SQLiteTests tvOS";
		};
		BC6843BD2295DF9C005A8A89 /* PBXContainerItemProxy */ = {
			isa = PBXContainerItemProxy;
			containerPortal = BC6843A72295DF9C005A8A89 /* SQLite.xcodeproj */;
			proxyType = 2;
			remoteGlobalIDString = A121AC451CA35C79005A31D1;
			remoteInfo = "SQLite watchOS";
		};
		BC6843CD2295F01C005A8A89 /* PBXContainerItemProxy */ = {
			isa = PBXContainerItemProxy;
			containerPortal = BC6843A72295DF9C005A8A89 /* SQLite.xcodeproj */;
			proxyType = 1;
			remoteGlobalIDString = EE247AD21C3F04ED00AE3E12;
			remoteInfo = "SQLite iOS";
		};
/* End PBXContainerItemProxy section */

/* Begin PBXCopyFilesBuildPhase section */
		BC6843CF2295F01C005A8A89 /* Embed Frameworks */ = {
			isa = PBXCopyFilesBuildPhase;
			buildActionMask = 2147483647;
			dstPath = "";
			dstSubfolderSpec = 10;
			files = (
				BC6843CC2295F01C005A8A89 /* SQLite.framework in Embed Frameworks */,
			);
			name = "Embed Frameworks";
			runOnlyForDeploymentPostprocessing = 0;
		};
/* End PBXCopyFilesBuildPhase section */

/* Begin PBXFileReference section */
		BC68438F2295DF24005A8A89 /* Appministrator.app */ = {isa = PBXFileReference; explicitFileType = wrapper.application; includeInIndex = 0; path = Appministrator.app; sourceTree = BUILT_PRODUCTS_DIR; };
		BC6843922295DF24005A8A89 /* AppDelegate.swift */ = {isa = PBXFileReference; lastKnownFileType = sourcecode.swift; path = AppDelegate.swift; sourceTree = "<group>"; };
		BC6843942295DF24005A8A89 /* ViewController.swift */ = {isa = PBXFileReference; lastKnownFileType = sourcecode.swift; path = ViewController.swift; sourceTree = "<group>"; };
		BC6843972295DF24005A8A89 /* Base */ = {isa = PBXFileReference; lastKnownFileType = file.storyboard; name = Base; path = Base.lproj/Main.storyboard; sourceTree = "<group>"; };
		BC68439A2295DF24005A8A89 /* Appministrator.xcdatamodel */ = {isa = PBXFileReference; lastKnownFileType = wrapper.xcdatamodel; path = Appministrator.xcdatamodel; sourceTree = "<group>"; };
		BC68439C2295DF26005A8A89 /* Assets.xcassets */ = {isa = PBXFileReference; lastKnownFileType = folder.assetcatalog; path = Assets.xcassets; sourceTree = "<group>"; };
		BC68439F2295DF26005A8A89 /* Base */ = {isa = PBXFileReference; lastKnownFileType = file.storyboard; name = Base; path = Base.lproj/LaunchScreen.storyboard; sourceTree = "<group>"; };
		BC6843A12295DF26005A8A89 /* Info.plist */ = {isa = PBXFileReference; lastKnownFileType = text.plist.xml; path = Info.plist; sourceTree = "<group>"; };
		BC6843A72295DF9C005A8A89 /* SQLite.xcodeproj */ = {isa = PBXFileReference; lastKnownFileType = "wrapper.pb-project"; name = SQLite.xcodeproj; path = "../../Downloads/SQLite.swift-cf4183f4ef54c5c9e82176cc46451934c8fdec2a/SQLite.xcodeproj"; sourceTree = "<group>"; };
		BC8B0D4E22A5C3E60029F924 /* TableController.swift */ = {isa = PBXFileReference; lastKnownFileType = sourcecode.swift; path = TableController.swift; sourceTree = "<group>"; };
		BCF509CD229F298900D4CAAA /* Dias habiles.swift */ = {isa = PBXFileReference; lastKnownFileType = sourcecode.swift; path = "Dias habiles.swift"; sourceTree = "<group>"; };
/* End PBXFileReference section */

/* Begin PBXFrameworksBuildPhase section */
		BC68438C2295DF24005A8A89 /* Frameworks */ = {
			isa = PBXFrameworksBuildPhase;
			buildActionMask = 2147483647;
			files = (
				BC6843CB2295F01C005A8A89 /* SQLite.framework in Frameworks */,
				BC6843C62295EFEF005A8A89 /* SQLite.framework in Frameworks */,
			);
			runOnlyForDeploymentPostprocessing = 0;
		};
/* End PBXFrameworksBuildPhase section */

/* Begin PBXGroup section */
		BC6843862295DF24005A8A89 = {
			isa = PBXGroup;
			children = (
				BC6843912295DF24005A8A89 /* Appministrator */,
				BC6843902295DF24005A8A89 /* Products */,
				BC6843A72295DF9C005A8A89 /* SQLite.xcodeproj */,
				BC6843BF2295EFA7005A8A89 /* Frameworks */,
			);
			sourceTree = "<group>";
		};
		BC6843902295DF24005A8A89 /* Products */ = {
			isa = PBXGroup;
			children = (
				BC68438F2295DF24005A8A89 /* Appministrator.app */,
			);
			name = Products;
			sourceTree = "<group>";
		};
		BC6843912295DF24005A8A89 /* Appministrator */ = {
			isa = PBXGroup;
			children = (
				BC6843922295DF24005A8A89 /* AppDelegate.swift */,
				BCF509CD229F298900D4CAAA /* Dias habiles.swift */,
				BC6843942295DF24005A8A89 /* ViewController.swift */,
				BC6843962295DF24005A8A89 /* Main.storyboard */,
				BC68439C2295DF26005A8A89 /* Assets.xcassets */,
				BC68439E2295DF26005A8A89 /* LaunchScreen.storyboard */,
				BC6843A12295DF26005A8A89 /* Info.plist */,
				BC6843992295DF24005A8A89 /* Appministrator.xcdatamodeld */,
				BC8B0D4E22A5C3E60029F924 /* TableController.swift */,
			);
			path = Appministrator;
			sourceTree = "<group>";
		};
		BC6843A82295DF9C005A8A89 /* Products */ = {
			isa = PBXGroup;
			children = (
				BC6843B22295DF9C005A8A89 /* SQLite.framework */,
				BC6843B42295DF9C005A8A89 /* SQLiteTests iOS.xctest */,
				BC6843B62295DF9C005A8A89 /* SQLite.framework */,
				BC6843B82295DF9C005A8A89 /* SQLiteTests Mac.xctest */,
				BC6843BA2295DF9C005A8A89 /* SQLite.framework */,
				BC6843BC2295DF9C005A8A89 /* SQLiteTests tvOS.xctest */,
				BC6843BE2295DF9C005A8A89 /* SQLite.framework */,
			);
			name = Products;
			sourceTree = "<group>";
		};
		BC6843BF2295EFA7005A8A89 /* Frameworks */ = {
			isa = PBXGroup;
			children = (
			);
			name = Frameworks;
			sourceTree = "<group>";
		};
/* End PBXGroup section */

/* Begin PBXNativeTarget section */
		BC68438E2295DF24005A8A89 /* Appministrator */ = {
			isa = PBXNativeTarget;
			buildConfigurationList = BC6843A42295DF26005A8A89 /* Build configuration list for PBXNativeTarget "Appministrator" */;
			buildPhases = (
				BC68438B2295DF24005A8A89 /* Sources */,
				BC68438C2295DF24005A8A89 /* Frameworks */,
				BC68438D2295DF24005A8A89 /* Resources */,
				BC6843CF2295F01C005A8A89 /* Embed Frameworks */,
			);
			buildRules = (
			);
			dependencies = (
				BC6843CE2295F01C005A8A89 /* PBXTargetDependency */,
			);
			name = Appministrator;
			productName = Appministrator;
			productReference = BC68438F2295DF24005A8A89 /* Appministrator.app */;
			productType = "com.apple.product-type.application";
		};
/* End PBXNativeTarget section */

/* Begin PBXProject section */
		BC6843872295DF24005A8A89 /* Project object */ = {
			isa = PBXProject;
			attributes = {
				LastSwiftUpdateCheck = 1010;
				LastUpgradeCheck = 1010;
				ORGANIZATIONNAME = "Laboratorio UNAM-Apple";
				TargetAttributes = {
					BC68438E2295DF24005A8A89 = {
						CreatedOnToolsVersion = 10.1;
					};
				};
			};
			buildConfigurationList = BC68438A2295DF24005A8A89 /* Build configuration list for PBXProject "Appministrator" */;
			compatibilityVersion = "Xcode 9.3";
			developmentRegion = en;
			hasScannedForEncodings = 0;
			knownRegions = (
				en,
				Base,
			);
			mainGroup = BC6843862295DF24005A8A89;
			productRefGroup = BC6843902295DF24005A8A89 /* Products */;
			projectDirPath = "";
			projectReferences = (
				{
					ProductGroup = BC6843A82295DF9C005A8A89 /* Products */;
					ProjectRef = BC6843A72295DF9C005A8A89 /* SQLite.xcodeproj */;
				},
			);
			projectRoot = "";
			targets = (
				BC68438E2295DF24005A8A89 /* Appministrator */,
			);
		};
/* End PBXProject section */

/* Begin PBXReferenceProxy section */
		BC6843B22295DF9C005A8A89 /* SQLite.framework */ = {
			isa = PBXReferenceProxy;
			fileType = wrapper.framework;
			path = SQLite.framework;
			remoteRef = BC6843B12295DF9C005A8A89 /* PBXContainerItemProxy */;
			sourceTree = BUILT_PRODUCTS_DIR;
		};
		BC6843B42295DF9C005A8A89 /* SQLiteTests iOS.xctest */ = {
			isa = PBXReferenceProxy;
			fileType = wrapper.cfbundle;
			path = "SQLiteTests iOS.xctest";
			remoteRef = BC6843B32295DF9C005A8A89 /* PBXContainerItemProxy */;
			sourceTree = BUILT_PRODUCTS_DIR;
		};
		BC6843B62295DF9C005A8A89 /* SQLite.framework */ = {
			isa = PBXReferenceProxy;
			fileType = wrapper.framework;
			path = SQLite.framework;
			remoteRef = BC6843B52295DF9C005A8A89 /* PBXContainerItemProxy */;
			sourceTree = BUILT_PRODUCTS_DIR;
		};
		BC6843B82295DF9C005A8A89 /* SQLiteTests Mac.xctest */ = {
			isa = PBXReferenceProxy;
			fileType = wrapper.cfbundle;
			path = "SQLiteTests Mac.xctest";
			remoteRef = BC6843B72295DF9C005A8A89 /* PBXContainerItemProxy */;
			sourceTree = BUILT_PRODUCTS_DIR;
		};
		BC6843BA2295DF9C005A8A89 /* SQLite.framework */ = {
			isa = PBXReferenceProxy;
			fileType = wrapper.framework;
			path = SQLite.framework;
			remoteRef = BC6843B92295DF9C005A8A89 /* PBXContainerItemProxy */;
			sourceTree = BUILT_PRODUCTS_DIR;
		};
		BC6843BC2295DF9C005A8A89 /* SQLiteTests tvOS.xctest */ = {
			isa = PBXReferenceProxy;
			fileType = wrapper.cfbundle;
			path = "SQLiteTests tvOS.xctest";
			remoteRef = BC6843BB2295DF9C005A8A89 /* PBXContainerItemProxy */;
			sourceTree = BUILT_PRODUCTS_DIR;
		};
		BC6843BE2295DF9C005A8A89 /* SQLite.framework */ = {
			isa = PBXReferenceProxy;
			fileType = wrapper.framework;
			path = SQLite.framework;
			remoteRef = BC6843BD2295DF9C005A8A89 /* PBXContainerItemProxy */;
			sourceTree = BUILT_PRODUCTS_DIR;
		};
/* End PBXReferenceProxy section */

/* Begin PBXResourcesBuildPhase section */
		BC68438D2295DF24005A8A89 /* Resources */ = {
			isa = PBXResourcesBuildPhase;
			buildActionMask = 2147483647;
			files = (
				BC6843A02295DF26005A8A89 /* LaunchScreen.storyboard in Resources */,
				BC68439D2295DF26005A8A89 /* Assets.xcassets in Resources */,
				BC6843982295DF24005A8A89 /* Main.storyboard in Resources */,
			);
			runOnlyForDeploymentPostprocessing = 0;
		};
/* End PBXResourcesBuildPhase section */

/* Begin PBXSourcesBuildPhase section */
		BC68438B2295DF24005A8A89 /* Sources */ = {
			isa = PBXSourcesBuildPhase;
			buildActionMask = 2147483647;
			files = (
				BC6843952295DF24005A8A89 /* ViewController.swift in Sources */,
				BC6843932295DF24005A8A89 /* AppDelegate.swift in Sources */,
				BCF509CE229F298900D4CAAA /* Dias habiles.swift in Sources */,
				BC8B0D4F22A5C3E60029F924 /* TableController.swift in Sources */,
				BC68439B2295DF24005A8A89 /* Appministrator.xcdatamodeld in Sources */,
			);
			runOnlyForDeploymentPostprocessing = 0;
		};
/* End PBXSourcesBuildPhase section */

/* Begin PBXTargetDependency section */
		BC6843CE2295F01C005A8A89 /* PBXTargetDependency */ = {
			isa = PBXTargetDependency;
			name = "SQLite iOS";
			targetProxy = BC6843CD2295F01C005A8A89 /* PBXContainerItemProxy */;
		};
/* End PBXTargetDependency section */

/* Begin PBXVariantGroup section */
		BC6843962295DF24005A8A89 /* Main.storyboard */ = {
			isa = PBXVariantGroup;
			children = (
				BC6843972295DF24005A8A89 /* Base */,
			);
			name = Main.storyboard;
			sourceTree = "<group>";
		};
		BC68439E2295DF26005A8A89 /* LaunchScreen.storyboard */ = {
			isa = PBXVariantGroup;
			children = (
				BC68439F2295DF26005A8A89 /* Base */,
			);
			name = LaunchScreen.storyboard;
			sourceTree = "<group>";
		};
/* End PBXVariantGroup section */

/* Begin XCBuildConfiguration section */
		BC6843A22295DF26005A8A89 /* Debug */ = {
			isa = XCBuildConfiguration;
			buildSettings = {
				ALWAYS_SEARCH_USER_PATHS = NO;
				CLANG_ANALYZER_NONNULL = YES;
				CLANG_ANALYZER_NUMBER_OBJECT_CONVERSION = YES_AGGRESSIVE;
				CLANG_CXX_LANGUAGE_STANDARD = "gnu++14";
				CLANG_CXX_LIBRARY = "libc++";
				CLANG_ENABLE_MODULES = YES;
				CLANG_ENABLE_OBJC_ARC = YES;
				CLANG_ENABLE_OBJC_WEAK = YES;
				CLANG_WARN_BLOCK_CAPTURE_AUTORELEASING = YES;
				CLANG_WARN_BOOL_CONVERSION = YES;
				CLANG_WARN_COMMA = YES;
				CLANG_WARN_CONSTANT_CONVERSION = YES;
				CLANG_WARN_DEPRECATED_OBJC_IMPLEMENTATIONS = YES;
				CLANG_WARN_DIRECT_OBJC_ISA_USAGE = YES_ERROR;
				CLANG_WARN_DOCUMENTATION_COMMENTS = YES;
				CLANG_WARN_EMPTY_BODY = YES;
				CLANG_WARN_ENUM_CONVERSION = YES;
				CLANG_WARN_INFINITE_RECURSION = YES;
				CLANG_WARN_INT_CONVERSION = YES;
				CLANG_WARN_NON_LITERAL_NULL_CONVERSION = YES;
				CLANG_WARN_OBJC_IMPLICIT_RETAIN_SELF = YES;
				CLANG_WARN_OBJC_LITERAL_CONVERSION = YES;
				CLANG_WARN_OBJC_ROOT_CLASS = YES_ERROR;
				CLANG_WARN_RANGE_LOOP_ANALYSIS = YES;
				CLANG_WARN_STRICT_PROTOTYPES = YES;
				CLANG_WARN_SUSPICIOUS_MOVE = YES;
				CLANG_WARN_UNGUARDED_AVAILABILITY = YES_AGGRESSIVE;
				CLANG_WARN_UNREACHABLE_CODE = YES;
				CLANG_WARN__DUPLICATE_METHOD_MATCH = YES;
				CODE_SIGN_IDENTITY = "iPhone Developer";
				COPY_PHASE_STRIP = NO;
				DEBUG_INFORMATION_FORMAT = dwarf;
				ENABLE_STRICT_OBJC_MSGSEND = YES;
				ENABLE_TESTABILITY = YES;
				GCC_C_LANGUAGE_STANDARD = gnu11;
				GCC_DYNAMIC_NO_PIC = NO;
				GCC_NO_COMMON_BLOCKS = YES;
				GCC_OPTIMIZATION_LEVEL = 0;
				GCC_PREPROCESSOR_DEFINITIONS = (
					"DEBUG=1",
					"$(inherited)",
				);
				GCC_WARN_64_TO_32_BIT_CONVERSION = YES;
				GCC_WARN_ABOUT_RETURN_TYPE = YES_ERROR;
				GCC_WARN_UNDECLARED_SELECTOR = YES;
				GCC_WARN_UNINITIALIZED_AUTOS = YES_AGGRESSIVE;
				GCC_WARN_UNUSED_FUNCTION = YES;
				GCC_WARN_UNUSED_VARIABLE = YES;
				IPHONEOS_DEPLOYMENT_TARGET = 12.1;
				MTL_ENABLE_DEBUG_INFO = INCLUDE_SOURCE;
				MTL_FAST_MATH = YES;
				ONLY_ACTIVE_ARCH = YES;
				SDKROOT = iphoneos;
				SWIFT_ACTIVE_COMPILATION_CONDITIONS = DEBUG;
				SWIFT_OPTIMIZATION_LEVEL = "-Onone";
			};
			name = Debug;
		};
		BC6843A32295DF26005A8A89 /* Release */ = {
			isa = XCBuildConfiguration;
			buildSettings = {
				ALWAYS_SEARCH_USER_PATHS = NO;
				CLANG_ANALYZER_NONNULL = YES;
				CLANG_ANALYZER_NUMBER_OBJECT_CONVERSION = YES_AGGRESSIVE;
				CLANG_CXX_LANGUAGE_STANDARD = "gnu++14";
				CLANG_CXX_LIBRARY = "libc++";
				CLANG_ENABLE_MODULES = YES;
				CLANG_ENABLE_OBJC_ARC = YES;
				CLANG_ENABLE_OBJC_WEAK = YES;
				CLANG_WARN_BLOCK_CAPTURE_AUTORELEASING = YES;
				CLANG_WARN_BOOL_CONVERSION = YES;
				CLANG_WARN_COMMA = YES;
				CLANG_WARN_CONSTANT_CONVERSION = YES;
				CLANG_WARN_DEPRECATED_OBJC_IMPLEMENTATIONS = YES;
				CLANG_WARN_DIRECT_OBJC_ISA_USAGE = YES_ERROR;
				CLANG_WARN_DOCUMENTATION_COMMENTS = YES;
				CLANG_WARN_EMPTY_BODY = YES;
				CLANG_WARN_ENUM_CONVERSION = YES;
				CLANG_WARN_INFINITE_RECURSION = YES;
				CLANG_WARN_INT_CONVERSION = YES;
				CLANG_WARN_NON_LITERAL_NULL_CONVERSION = YES;
				CLANG_WARN_OBJC_IMPLICIT_RETAIN_SELF = YES;
				CLANG_WARN_OBJC_LITERAL_CONVERSION = YES;
				CLANG_WARN_OBJC_ROOT_CLASS = YES_ERROR;
				CLANG_WARN_RANGE_LOOP_ANALYSIS = YES;
				CLANG_WARN_STRICT_PROTOTYPES = YES;
				CLANG_WARN_SUSPICIOUS_MOVE = YES;
				CLANG_WARN_UNGUARDED_AVAILABILITY = YES_AGGRESSIVE;
				CLANG_WARN_UNREACHABLE_CODE = YES;
				CLANG_WARN__DUPLICATE_METHOD_MATCH = YES;
				CODE_SIGN_IDENTITY = "iPhone Developer";
				COPY_PHASE_STRIP = NO;
				DEBUG_INFORMATION_FORMAT = "dwarf-with-dsym";
				ENABLE_NS_ASSERTIONS = NO;
				ENABLE_STRICT_OBJC_MSGSEND = YES;
				GCC_C_LANGUAGE_STANDARD = gnu11;
				GCC_NO_COMMON_BLOCKS = YES;
				GCC_WARN_64_TO_32_BIT_CONVERSION = YES;
				GCC_WARN_ABOUT_RETURN_TYPE = YES_ERROR;
				GCC_WARN_UNDECLARED_SELECTOR = YES;
				GCC_WARN_UNINITIALIZED_AUTOS = YES_AGGRESSIVE;
				GCC_WARN_UNUSED_FUNCTION = YES;
				GCC_WARN_UNUSED_VARIABLE = YES;
				IPHONEOS_DEPLOYMENT_TARGET = 12.1;
				MTL_ENABLE_DEBUG_INFO = NO;
				MTL_FAST_MATH = YES;
				SDKROOT = iphoneos;
				SWIFT_COMPILATION_MODE = wholemodule;
				SWIFT_OPTIMIZATION_LEVEL = "-O";
				VALIDATE_PRODUCT = YES;
			};
			name = Release;
		};
		BC6843A52295DF26005A8A89 /* Debug */ = {
			isa = XCBuildConfiguration;
			buildSettings = {
				ALWAYS_EMBED_SWIFT_STANDARD_LIBRARIES = YES;
				ASSETCATALOG_COMPILER_APPICON_NAME = AppIcon;
				CODE_SIGN_STYLE = Automatic;
				INFOPLIST_FILE = Appministrator/Info.plist;
				LD_RUNPATH_SEARCH_PATHS = (
					"$(inherited)",
					"@executable_path/Frameworks",
				);
				PRODUCT_BUNDLE_IDENTIFIER = applefca.Appministrator;
				PRODUCT_NAME = "$(TARGET_NAME)";
				SWIFT_VERSION = 4.2;
				TARGETED_DEVICE_FAMILY = "1,2";
			};
			name = Debug;
		};
		BC6843A62295DF26005A8A89 /* Release */ = {
			isa = XCBuildConfiguration;
			buildSettings = {
				ALWAYS_EMBED_SWIFT_STANDARD_LIBRARIES = YES;
				ASSETCATALOG_COMPILER_APPICON_NAME = AppIcon;
				CODE_SIGN_STYLE = Automatic;
				INFOPLIST_FILE = Appministrator/Info.plist;
				LD_RUNPATH_SEARCH_PATHS = (
					"$(inherited)",
					"@executable_path/Frameworks",
				);
				PRODUCT_BUNDLE_IDENTIFIER = applefca.Appministrator;
				PRODUCT_NAME = "$(TARGET_NAME)";
				SWIFT_VERSION = 4.2;
				TARGETED_DEVICE_FAMILY = "1,2";
			};
			name = Release;
		};
/* End XCBuildConfiguration section */

/* Begin XCConfigurationList section */
		BC68438A2295DF24005A8A89 /* Build configuration list for PBXProject "Appministrator" */ = {
			isa = XCConfigurationList;
			buildConfigurations = (
				BC6843A22295DF26005A8A89 /* Debug */,
				BC6843A32295DF26005A8A89 /* Release */,
			);
			defaultConfigurationIsVisible = 0;
			defaultConfigurationName = Release;
		};
		BC6843A42295DF26005A8A89 /* Build configuration list for PBXNativeTarget "Appministrator" */ = {
			isa = XCConfigurationList;
			buildConfigurations = (
				BC6843A52295DF26005A8A89 /* Debug */,
				BC6843A62295DF26005A8A89 /* Release */,
			);
			defaultConfigurationIsVisible = 0;
			defaultConfigurationName = Release;
		};
/* End XCConfigurationList section */

/* Begin XCVersionGroup section */
		BC6843992295DF24005A8A89 /* Appministrator.xcdatamodeld */ = {
			isa = XCVersionGroup;
			children = (
				BC68439A2295DF24005A8A89 /* Appministrator.xcdatamodel */,
			);
			currentVersion = BC68439A2295DF24005A8A89 /* Appministrator.xcdatamodel */;
			path = Appministrator.xcdatamodeld;
			sourceTree = "<group>";
			versionGroupType = wrapper.xcdatamodel;
		};
/* End XCVersionGroup section */
	};
	rootObject = BC6843872295DF24005A8A89 /* Project object */;
}
